<?xml version="1.0" encoding="utf-8"?>
<Project ToolsVersion="4.0" xmlns="http://schemas.microsoft.com/developer/msbuild/2003">
  <ItemGroup>
    <Filter Include="tinyxml2">
      <UniqueIdentifier>{39c4bc65-9190-4d2c-a3a7-85b8613cc33d}</UniqueIdentifier>
    </Filter>
    <Filter Include="Source files">
      <UniqueIdentifier>{4FC737F1-C7A5-4376-A066-2A32D752A2FF}</UniqueIdentifier>
      <Extensions>cpp;c;cc;cxx;c++;cppm;ixx;def;odl;idl;hpj;bat;asm;asmx</Extensions>
    </Filter>
    <Filter Include="Header files">
      <UniqueIdentifier>{93995380-89BD-4b04-88EB-625FBE52EBFB}</UniqueIdentifier>
      <Extensions>h;hh;hpp;hxx;h++;hm;inl;inc;ipp;xsd</Extensions>
    </Filter>
    <Filter Include="glob">
      <UniqueIdentifier>{a662fe37-0bd2-4bc2-8e29-06ee7350d703}</UniqueIdentifier>
    </Filter>
  </ItemGroup>
  <ItemGroup>
    <ClCompile Include="src\main.cpp">
      <Filter>Source files</Filter>
    </ClCompile>
    <ClCompile Include="src\Parser.cpp">
      <Filter>Source files</Filter>
    </ClCompile>
    <ClCompile Include="src\SettingsParser.cpp">
      <Filter>Source files</Filter>
    </ClCompile>
    <ClCompile Include="src\Dependencies.cpp">
      <Filter>Source files</Filter>
    </ClCompile>
    <ClCompile Include="src\Logger.cpp">
      <Filter>Source files</Filter>
    </ClCompile>
    <ClCompile Include="vendor\tinyxml2\tinyxml2.cpp">
      <Filter>tinyxml2</Filter>
    </ClCompile>
  </ItemGroup>
  <ItemGroup>
    <ClInclude Include="src\SettingsParser.h">
      <Filter>Header files</Filter>
    </ClInclude>
    <ClInclude Include="src\Dependencies.h">
      <Filter>Header files</Filter>
    </ClInclude>
    <ClInclude Include="src\Parser.h">
      <Filter>Header files</Filter>
    </ClInclude>
    <ClInclude Include="src\Types.h">
      <Filter>Header files</Filter>
    </ClInclude>
    <ClInclude Include="src\Logger.h">
      <Filter>Header files</Filter>
    </ClInclude>
    <ClInclude Include="src\Utilities.h">
      <Filter>Header files</Filter>
    </ClInclude>
    <ClInclude Include="vendor\tinyxml2\tinyxml2.h">
      <Filter>tinyxml2</Filter>
    </ClInclude>
    <ClInclude Include="vendor\glob\glob.hpp">
      <Filter>glob</Filter>
    </ClInclude>
  </ItemGroup>
</Project>